
Microsoft Visual Studio Solution File, Format Version 12.00
# Visual Studio Version 17
VisualStudioVersion = 17.2.32516.85
MinimumVisualStudioVersion = 10.0.40219.1
Project("{FAE04EC0-301F-11D3-BF4B-00C04F79EFBC}") = "fptTool", "fptTool.csproj", "{368387F5-2956-4729-BA8D-F43FC1E074DC}"
EndProject
Global
	GlobalSection(SolutionConfigurationPlatforms) = preSolution
		Debug|Any CPU = Debug|Any CPU
		Debug|x64 = Debug|x64
		Release|Any CPU = Release|Any CPU
		Release|x64 = Release|x64
	EndGlobalSection
	GlobalSection(ProjectConfigurationPlatforms) = postSolution
		{368387F5-2956-4729-BA8D-F43FC1E074DC}.Debug|Any CPU.ActiveCfg = Debug|Any CPU
		{368387F5-2956-4729-BA8D-F43FC1E074DC}.Debug|Any CPU.Build.0 = Debug|Any CPU
		{368387F5-2956-4729-BA8D-F43FC1E074DC}.Debug|x64.ActiveCfg = Debug|x64
		{368387F5-2956-4729-BA8D-F43FC1E074DC}.Debug|x64.Build.0 = Debug|x64
		{368387F5-2956-4729-BA8D-F43FC1E074DC}.Release|Any CPU.ActiveCfg = Release|Any CPU
		{368387F5-2956-4729-BA8D-F43FC1E074DC}.Release|Any CPU.Build.0 = Release|Any CPU
		{368387F5-2956-4729-BA8D-F43FC1E074DC}.Release|x64.ActiveCfg = Release|x64
		{368387F5-2956-4729-BA8D-F43FC1E074DC}.Release|x64.Build.0 = Release|x64
	EndGlobalSection
	GlobalSection(SolutionProperties) = preSolution
		HideSolutionNode = FALSE
	EndGlobalSection
	GlobalSection(ExtensibilityGlobals) = postSolution
		SolutionGuid = {EEDF6CBF-32BA-4973-A44B-F842806BEE26}
	EndGlobalSection
EndGlobal
